
Microsoft Visual Studio Solution File, Format Version 12.00
# Visual Studio Version 17
VisualStudioVersion = 17.2.32616.157
MinimumVisualStudioVersion = 10.0.40219.1
Project("{FAE04EC0-301F-11D3-BF4B-00C04F79EFBC}") = "Navegador_tarea", "Navegador_tarea\Navegador_tarea.csproj", "{B4CBF932-E385-4B27-A4EA-9646687ABAD0}"
EndProject
Global
	GlobalSection(SolutionConfigurationPlatforms) = preSolution
		Debug|Any CPU = Debug|Any CPU
		Release|Any CPU = Release|Any CPU
	EndGlobalSection
	GlobalSection(ProjectConfigurationPlatforms) = postSolution
		{B4CBF932-E385-4B27-A4EA-9646687ABAD0}.Debug|Any CPU.ActiveCfg = Debug|Any CPU
		{B4CBF932-E385-4B27-A4EA-9646687ABAD0}.Debug|Any CPU.Build.0 = Debug|Any CPU
		{B4CBF932-E385-4B27-A4EA-9646687ABAD0}.Release|Any CPU.ActiveCfg = Release|Any CPU
		{B4CBF932-E385-4B27-A4EA-9646687ABAD0}.Release|Any CPU.Build.0 = Release|Any CPU
	EndGlobalSection
	GlobalSection(SolutionProperties) = preSolution
		HideSolutionNode = FALSE
	EndGlobalSection
	GlobalSection(ExtensibilityGlobals) = postSolution
		SolutionGuid = {1844DF36-76E7-4CC3-AF65-8B8243B12CE3}
	EndGlobalSection
EndGlobal
